
Microsoft Visual Studio Solution File, Format Version 12.00
# Visual Studio 15
VisualStudioVersion = 15.0.27130.2024
MinimumVisualStudioVersion = 10.0.40219.1
Project("{9A19103F-16F7-4668-BE54-9A1E7A4F7556}") = "funcx", "src\funcx\funcx.csproj", "{B2605D45-7E8D-49CB-9A22-F146FEFBC45D}"
EndProject
Project("{2150E333-8FDC-42A3-9474-1A3956D46DE8}") = "src", "src", "{51998228-324D-4CA5-8948-415C74DC9BD3}"
EndProject
Project("{2150E333-8FDC-42A3-9474-1A3956D46DE8}") = "tests", "tests", "{4A1C68A9-5D78-4646-87E5-A86D423DAA2A}"
EndProject
Project("{FAE04EC0-301F-11D3-BF4B-00C04F79EFBC}") = "funcx.tests", "tests\funcx.tests\funcx.tests.csproj", "{795062A1-03F9-4324-A1CA-023C40A20204}"
EndProject
Global
	GlobalSection(SolutionConfigurationPlatforms) = preSolution
		Debug|Any CPU = Debug|Any CPU
		Release|Any CPU = Release|Any CPU
	EndGlobalSection
	GlobalSection(ProjectConfigurationPlatforms) = postSolution
		{B2605D45-7E8D-49CB-9A22-F146FEFBC45D}.Debug|Any CPU.ActiveCfg = Debug|Any CPU
		{B2605D45-7E8D-49CB-9A22-F146FEFBC45D}.Debug|Any CPU.Build.0 = Debug|Any CPU
		{B2605D45-7E8D-49CB-9A22-F146FEFBC45D}.Release|Any CPU.ActiveCfg = Release|Any CPU
		{B2605D45-7E8D-49CB-9A22-F146FEFBC45D}.Release|Any CPU.Build.0 = Release|Any CPU
		{795062A1-03F9-4324-A1CA-023C40A20204}.Debug|Any CPU.ActiveCfg = Debug|Any CPU
		{795062A1-03F9-4324-A1CA-023C40A20204}.Debug|Any CPU.Build.0 = Debug|Any CPU
		{795062A1-03F9-4324-A1CA-023C40A20204}.Release|Any CPU.ActiveCfg = Release|Any CPU
		{795062A1-03F9-4324-A1CA-023C40A20204}.Release|Any CPU.Build.0 = Release|Any CPU
	EndGlobalSection
	GlobalSection(SolutionProperties) = preSolution
		HideSolutionNode = FALSE
	EndGlobalSection
	GlobalSection(NestedProjects) = preSolution
		{B2605D45-7E8D-49CB-9A22-F146FEFBC45D} = {51998228-324D-4CA5-8948-415C74DC9BD3}
		{795062A1-03F9-4324-A1CA-023C40A20204} = {4A1C68A9-5D78-4646-87E5-A86D423DAA2A}
	EndGlobalSection
	GlobalSection(ExtensibilityGlobals) = postSolution
		SolutionGuid = {3119D0C1-1023-4217-AE80-A2C42DC25514}
	EndGlobalSection
EndGlobal
